
Microsoft Visual Studio Solution File, Format Version 12.00
# Visual Studio Version 17
VisualStudioVersion = 17.5.33414.496
MinimumVisualStudioVersion = 10.0.40219.1
Project("{FAE04EC0-301F-11D3-BF4B-00C04F79EFBC}") = "MergeSort", "MergeSort.csproj", "{2BF4CBDD-5510-46F5-9134-1CFA669361DC}"
EndProject
Global
	GlobalSection(SolutionConfigurationPlatforms) = preSolution
		Debug|Any CPU = Debug|Any CPU
		Release|Any CPU = Release|Any CPU
	EndGlobalSection
	GlobalSection(ProjectConfigurationPlatforms) = postSolution
		{2BF4CBDD-5510-46F5-9134-1CFA669361DC}.Debug|Any CPU.ActiveCfg = Debug|Any CPU
		{2BF4CBDD-5510-46F5-9134-1CFA669361DC}.Debug|Any CPU.Build.0 = Debug|Any CPU
		{2BF4CBDD-5510-46F5-9134-1CFA669361DC}.Release|Any CPU.ActiveCfg = Release|Any CPU
		{2BF4CBDD-5510-46F5-9134-1CFA669361DC}.Release|Any CPU.Build.0 = Release|Any CPU
	EndGlobalSection
	GlobalSection(SolutionProperties) = preSolution
		HideSolutionNode = FALSE
	EndGlobalSection
	GlobalSection(ExtensibilityGlobals) = postSolution
		SolutionGuid = {1B223CA5-05E6-49C9-8134-57367C6FA275}
	EndGlobalSection
EndGlobal
